
Microsoft Visual Studio Solution File, Format Version 12.00
# Visual Studio 15
VisualStudioVersion = 15.0.28307.1259
MinimumVisualStudioVersion = 10.0.40219.1
Project("{FAE04EC0-301F-11D3-BF4B-00C04F79EFBC}") = "ServerCodeMtk-P2-20180140047", "ServerCodeMtk-P2-20180140047\ServerCodeMtk-P2-20180140047.csproj", "{B9EECA5F-EF96-49DB-BC34-37A5AF6711C9}"
EndProject
Global
	GlobalSection(SolutionConfigurationPlatforms) = preSolution
		Debug|Any CPU = Debug|Any CPU
		Release|Any CPU = Release|Any CPU
	EndGlobalSection
	GlobalSection(ProjectConfigurationPlatforms) = postSolution
		{B9EECA5F-EF96-49DB-BC34-37A5AF6711C9}.Debug|Any CPU.ActiveCfg = Debug|Any CPU
		{B9EECA5F-EF96-49DB-BC34-37A5AF6711C9}.Debug|Any CPU.Build.0 = Debug|Any CPU
		{B9EECA5F-EF96-49DB-BC34-37A5AF6711C9}.Release|Any CPU.ActiveCfg = Release|Any CPU
		{B9EECA5F-EF96-49DB-BC34-37A5AF6711C9}.Release|Any CPU.Build.0 = Release|Any CPU
	EndGlobalSection
	GlobalSection(SolutionProperties) = preSolution
		HideSolutionNode = FALSE
	EndGlobalSection
	GlobalSection(ExtensibilityGlobals) = postSolution
		SolutionGuid = {16A4587D-0F41-4A8C-8F92-7C78FA1950B3}
	EndGlobalSection
EndGlobal
